{
  "name": "globu-plugin",
  "lockfileVersion": 3,
  "requires": true,
  "packages": {
    "": {
      "name": "globu-plugin",
      "dependencies": {
        "@mercastra/globu": "0.3.2"
      }
    },
    "node_modules/@mercastra/globu": {
      "version": "0.3.2",
      "resolved": "https://registry.npmjs.org/@mercastra/globu/-/globu-0.3.2.tgz",
      "integrity": "sha512-Q6FXNuuRshMHFQIXExSqiVvtRbh0sSovzg6G82cohWDeCBT6eU+t1ZTKRqSQom4VgdieJ+CV94TBUj48Ca7qng==",
      "license": "MIT",
      "bin": {
        "globu": "dist/globu.mjs"
      },
      "engines": {
        "node": ">=22"
      }
    }
  }
}
