{
  "name": "globu-plugin",
  "lockfileVersion": 3,
  "requires": true,
  "packages": {
    "": {
      "name": "globu-plugin",
      "dependencies": {
        "@mercastra/globu": "0.3.3"
      }
    },
    "node_modules/@mercastra/globu": {
      "version": "0.3.3",
      "resolved": "https://registry.npmjs.org/@mercastra/globu/-/globu-0.3.3.tgz",
      "integrity": "sha512-EU8sMfvUF603g7O/Ag5AQVWu9FE98U4VolZYyK9Ekttrxoq6aHcg/UMVkkLC3C0dFEzPN8Hj6NaBO5rD13K79Q==",
      "license": "MIT",
      "bin": {
        "globu": "dist/globu.mjs"
      },
      "engines": {
        "node": ">=22"
      }
    }
  }
}
