{
  "name": "globu-plugin",
  "lockfileVersion": 3,
  "requires": true,
  "packages": {
    "": {
      "name": "globu-plugin",
      "dependencies": {
        "@mercastra/globu": "0.3.1"
      }
    },
    "node_modules/@mercastra/globu": {
      "version": "0.3.1",
      "resolved": "https://registry.npmjs.org/@mercastra/globu/-/globu-0.3.1.tgz",
      "integrity": "sha512-EkvB4oYUjazDVpf/n8r9XkFMa0cZVpBPKwPYcq6GJq8OZnWqMQZW/3vTOiaet1P3ZAXZvWR16AREylrL9RUlmA==",
      "license": "MIT",
      "bin": {
        "globu": "dist/globu.mjs"
      },
      "engines": {
        "node": ">=22"
      }
    }
  }
}
