{
  "name": "knowledge-base-plugin",
  "lockfileVersion": 3,
  "requires": true,
  "packages": {
    "": {
      "name": "knowledge-base-plugin",
      "dependencies": {
        "@mercastra/knowledge-base": "0.1.0"
      }
    },
    "node_modules/@mercastra/knowledge-base": {
      "version": "0.1.0",
      "resolved": "https://registry.npmjs.org/@mercastra/knowledge-base/-/knowledge-base-0.1.0.tgz",
      "integrity": "sha512-CManuvbqUNYuu8X3j3fToWnK4BchhVjUq13lWzxl61dJ5twIC7IDldjdlTrnfU9D7o738391NIAAyQitjDL8kA==",
      "bin": {
        "knowledge-base": "dist/knowledge-base.mjs"
      },
      "engines": {
        "node": ">=22"
      }
    }
  }
}
