{
  "name": "knowledge-base-plugin",
  "lockfileVersion": 3,
  "requires": true,
  "packages": {
    "": {
      "name": "knowledge-base-plugin",
      "dependencies": {
        "@mercastra/knowledge-base": "0.1.1"
      }
    },
    "node_modules/@mercastra/knowledge-base": {
      "version": "0.1.1",
      "resolved": "https://registry.npmjs.org/@mercastra/knowledge-base/-/knowledge-base-0.1.1.tgz",
      "integrity": "sha512-3M4+pT/PidR3l49gxDw7hleok+G589v4TARWJU/iUOxsqAtQPqrj96GvpQUmgNkQrDivFBL/wpUDlryoMZZvjg==",
      "bin": {
        "knowledge-base": "dist/knowledge-base.mjs"
      },
      "engines": {
        "node": ">=22"
      }
    }
  }
}
