{
  "name": "knowledge-base-plugin",
  "lockfileVersion": 3,
  "requires": true,
  "packages": {
    "": {
      "name": "knowledge-base-plugin",
      "dependencies": {
        "@mercastra/knowledge-base": "0.2.0"
      }
    },
    "node_modules/@mercastra/knowledge-base": {
      "version": "0.2.0",
      "resolved": "https://registry.npmjs.org/@mercastra/knowledge-base/-/knowledge-base-0.2.0.tgz",
      "integrity": "sha512-srhY2WQw+znv1V72l8rMcsk8P9e20V805UhNhqObjr9YHFbgNlG1qdjrtFX2cgVLsbRO4xJN1lBxq/YlQRIL2w==",
      "license": "MIT",
      "bin": {
        "knowledge-base": "dist/knowledge-base.mjs"
      },
      "engines": {
        "node": ">=22"
      }
    }
  }
}
